// !$*UTF8*$!
{
	archiveVersion = 1;
	classes = {
	};
	objectVersion = 55;
	objects = {

/* Begin PBXBuildFile section */
		B4050FC4286C996300EA8B7C /* RatingsSizesDetailView.swift in Sources */ = {isa = PBXBuildFile; fileRef = B4050FC3286C996300EA8B7C /* RatingsSizesDetailView.swift */; };
		B4050FC6286C9C9400EA8B7C /* QuantityFavouriteDetailView.swift in Sources */ = {isa = PBXBuildFile; fileRef = B4050FC5286C9C9400EA8B7C /* QuantityFavouriteDetailView.swift */; };
		B4050FC8286C9EE900EA8B7C /* AddToCartDetailView.swift in Sources */ = {isa = PBXBuildFile; fileRef = B4050FC7286C9EE900EA8B7C /* AddToCartDetailView.swift */; };
		B411457D27928C7D0067537C /* Constant.swift in Sources */ = {isa = PBXBuildFile; fileRef = B411457C27928C7D0067537C /* Constant.swift */; };
		B411457F27928DE60067537C /* FooterView.swift in Sources */ = {isa = PBXBuildFile; fileRef = B411457E27928DE60067537C /* FooterView.swift */; };
		B41145812792915D0067537C /* NavigationBarView.swift in Sources */ = {isa = PBXBuildFile; fileRef = B41145802792915D0067537C /* NavigationBarView.swift */; };
		B4114583279293460067537C /* LogoView.swift in Sources */ = {isa = PBXBuildFile; fileRef = B4114582279293460067537C /* LogoView.swift */; };
		B455371A2796A0DD00A178E1 /* SectionView.swift in Sources */ = {isa = PBXBuildFile; fileRef = B45537192796A0DD00A178E1 /* SectionView.swift */; };
		B45F0483286E014D00958AB8 /* Shop.swift in Sources */ = {isa = PBXBuildFile; fileRef = B45F0482286E014D00958AB8 /* Shop.swift */; };
		B46459F6286797BC007E4D92 /* BrandModel.swift in Sources */ = {isa = PBXBuildFile; fileRef = B46459F5286797BC007E4D92 /* BrandModel.swift */; };
		B46459F828679835007E4D92 /* BrandItemView.swift in Sources */ = {isa = PBXBuildFile; fileRef = B46459F728679835007E4D92 /* BrandItemView.swift */; };
		B46459FA286799BC007E4D92 /* BrandGridView.swift in Sources */ = {isa = PBXBuildFile; fileRef = B46459F9286799BC007E4D92 /* BrandGridView.swift */; };
		B4896DC92864D70300326289 /* TitleView.swift in Sources */ = {isa = PBXBuildFile; fileRef = B4896DC82864D70300326289 /* TitleView.swift */; };
		B4896DCB2864D76A00326289 /* ProductModel.swift in Sources */ = {isa = PBXBuildFile; fileRef = B4896DCA2864D76A00326289 /* ProductModel.swift */; };
		B4896DCD2864D79500326289 /* ProductItemView.swift in Sources */ = {isa = PBXBuildFile; fileRef = B4896DCC2864D79500326289 /* ProductItemView.swift */; };
		B491DC552790240E00DAAC35 /* TouchdownApp.swift in Sources */ = {isa = PBXBuildFile; fileRef = B491DC542790240E00DAAC35 /* TouchdownApp.swift */; };
		B491DC572790240E00DAAC35 /* ContentView.swift in Sources */ = {isa = PBXBuildFile; fileRef = B491DC562790240E00DAAC35 /* ContentView.swift */; };
		B491DC592790240F00DAAC35 /* Assets.xcassets in Resources */ = {isa = PBXBuildFile; fileRef = B491DC582790240F00DAAC35 /* Assets.xcassets */; };
		B491DC5C2790240F00DAAC35 /* Preview Assets.xcassets in Resources */ = {isa = PBXBuildFile; fileRef = B491DC5B2790240F00DAAC35 /* Preview Assets.xcassets */; };
		B491DC662790250000DAAC35 /* category.json in Resources */ = {isa = PBXBuildFile; fileRef = B491DC622790250000DAAC35 /* category.json */; };
		B491DC672790250000DAAC35 /* brand.json in Resources */ = {isa = PBXBuildFile; fileRef = B491DC632790250000DAAC35 /* brand.json */; };
		B491DC682790250000DAAC35 /* player.json in Resources */ = {isa = PBXBuildFile; fileRef = B491DC642790250000DAAC35 /* player.json */; };
		B491DC692790250000DAAC35 /* product.json in Resources */ = {isa = PBXBuildFile; fileRef = B491DC652790250000DAAC35 /* product.json */; };
		B498207B286B684A00058344 /* CustomShape.swift in Sources */ = {isa = PBXBuildFile; fileRef = B498207A286B684A00058344 /* CustomShape.swift */; };
		B4B972712869F4C500223749 /* ProductDetailView.swift in Sources */ = {isa = PBXBuildFile; fileRef = B4B972702869F4C500223749 /* ProductDetailView.swift */; };
		B4B972732869F5F100223749 /* NavigationBarDetailView.swift in Sources */ = {isa = PBXBuildFile; fileRef = B4B972722869F5F100223749 /* NavigationBarDetailView.swift */; };
		B4B972752869F70600223749 /* HederDetailView.swift in Sources */ = {isa = PBXBuildFile; fileRef = B4B972742869F70600223749 /* HederDetailView.swift */; };
		B4B972772869F7C700223749 /* TopPartDetailView.swift in Sources */ = {isa = PBXBuildFile; fileRef = B4B972762869F7C700223749 /* TopPartDetailView.swift */; };
		B4E5D49A27968987008A6BCB /* PlayerModel.swift in Sources */ = {isa = PBXBuildFile; fileRef = B4E5D49927968987008A6BCB /* PlayerModel.swift */; };
		B4E5D49C279689D8008A6BCB /* CodableBundleExtension.swift in Sources */ = {isa = PBXBuildFile; fileRef = B4E5D49B279689D8008A6BCB /* CodableBundleExtension.swift */; };
		B4E5D49E27968BDA008A6BCB /* FeaturedItemView.swift in Sources */ = {isa = PBXBuildFile; fileRef = B4E5D49D27968BDA008A6BCB /* FeaturedItemView.swift */; };
		B4E5D4A027968CC2008A6BCB /* FeaturedTabView.swift in Sources */ = {isa = PBXBuildFile; fileRef = B4E5D49F27968CC2008A6BCB /* FeaturedTabView.swift */; };
		B4E5D4A22796973B008A6BCB /* CategoryModel.swift in Sources */ = {isa = PBXBuildFile; fileRef = B4E5D4A12796973B008A6BCB /* CategoryModel.swift */; };
		B4E5D4A42796984A008A6BCB /* CategoryItemView.swift in Sources */ = {isa = PBXBuildFile; fileRef = B4E5D4A32796984A008A6BCB /* CategoryItemView.swift */; };
		B4E5D4A62796992E008A6BCB /* CategoryGridView.swift in Sources */ = {isa = PBXBuildFile; fileRef = B4E5D4A52796992E008A6BCB /* CategoryGridView.swift */; };
/* End PBXBuildFile section */

/* Begin PBXFileReference section */
		B4050FC3286C996300EA8B7C /* RatingsSizesDetailView.swift */ = {isa = PBXFileReference; lastKnownFileType = sourcecode.swift; path = RatingsSizesDetailView.swift; sourceTree = "<group>"; };
		B4050FC5286C9C9400EA8B7C /* QuantityFavouriteDetailView.swift */ = {isa = PBXFileReference; lastKnownFileType = sourcecode.swift; path = QuantityFavouriteDetailView.swift; sourceTree = "<group>"; };
		B4050FC7286C9EE900EA8B7C /* AddToCartDetailView.swift */ = {isa = PBXFileReference; lastKnownFileType = sourcecode.swift; path = AddToCartDetailView.swift; sourceTree = "<group>"; };
		B411457C27928C7D0067537C /* Constant.swift */ = {isa = PBXFileReference; lastKnownFileType = sourcecode.swift; path = Constant.swift; sourceTree = "<group>"; };
		B411457E27928DE60067537C /* FooterView.swift */ = {isa = PBXFileReference; lastKnownFileType = sourcecode.swift; path = FooterView.swift; sourceTree = "<group>"; };
		B41145802792915D0067537C /* NavigationBarView.swift */ = {isa = PBXFileReference; lastKnownFileType = sourcecode.swift; path = NavigationBarView.swift; sourceTree = "<group>"; };
		B4114582279293460067537C /* LogoView.swift */ = {isa = PBXFileReference; lastKnownFileType = sourcecode.swift; path = LogoView.swift; sourceTree = "<group>"; };
		B45537192796A0DD00A178E1 /* SectionView.swift */ = {isa = PBXFileReference; lastKnownFileType = sourcecode.swift; path = SectionView.swift; sourceTree = "<group>"; };
		B45F0482286E014D00958AB8 /* Shop.swift */ = {isa = PBXFileReference; lastKnownFileType = sourcecode.swift; path = Shop.swift; sourceTree = "<group>"; };
		B46459F5286797BC007E4D92 /* BrandModel.swift */ = {isa = PBXFileReference; lastKnownFileType = sourcecode.swift; path = BrandModel.swift; sourceTree = "<group>"; };
		B46459F728679835007E4D92 /* BrandItemView.swift */ = {isa = PBXFileReference; lastKnownFileType = sourcecode.swift; path = BrandItemView.swift; sourceTree = "<group>"; };
		B46459F9286799BC007E4D92 /* BrandGridView.swift */ = {isa = PBXFileReference; lastKnownFileType = sourcecode.swift; path = BrandGridView.swift; sourceTree = "<group>"; };
		B4896DC82864D70300326289 /* TitleView.swift */ = {isa = PBXFileReference; lastKnownFileType = sourcecode.swift; path = TitleView.swift; sourceTree = "<group>"; };
		B4896DCA2864D76A00326289 /* ProductModel.swift */ = {isa = PBXFileReference; lastKnownFileType = sourcecode.swift; path = ProductModel.swift; sourceTree = "<group>"; };
		B4896DCC2864D79500326289 /* ProductItemView.swift */ = {isa = PBXFileReference; lastKnownFileType = sourcecode.swift; path = ProductItemView.swift; sourceTree = "<group>"; };
		B491DC512790240E00DAAC35 /* Touchdown.app */ = {isa = PBXFileReference; explicitFileType = wrapper.application; includeInIndex = 0; path = Touchdown.app; sourceTree = BUILT_PRODUCTS_DIR; };
		B491DC542790240E00DAAC35 /* TouchdownApp.swift */ = {isa = PBXFileReference; lastKnownFileType = sourcecode.swift; path = TouchdownApp.swift; sourceTree = "<group>"; };
		B491DC562790240E00DAAC35 /* ContentView.swift */ = {isa = PBXFileReference; lastKnownFileType = sourcecode.swift; path = ContentView.swift; sourceTree = "<group>"; };
		B491DC582790240F00DAAC35 /* Assets.xcassets */ = {isa = PBXFileReference; lastKnownFileType = folder.assetcatalog; path = Assets.xcassets; sourceTree = "<group>"; };
		B491DC5B2790240F00DAAC35 /* Preview Assets.xcassets */ = {isa = PBXFileReference; lastKnownFileType = folder.assetcatalog; path = "Preview Assets.xcassets"; sourceTree = "<group>"; };
		B491DC622790250000DAAC35 /* category.json */ = {isa = PBXFileReference; fileEncoding = 4; lastKnownFileType = text.json; path = category.json; sourceTree = "<group>"; };
		B491DC632790250000DAAC35 /* brand.json */ = {isa = PBXFileReference; fileEncoding = 4; lastKnownFileType = text.json; path = brand.json; sourceTree = "<group>"; };
		B491DC642790250000DAAC35 /* player.json */ = {isa = PBXFileReference; fileEncoding = 4; lastKnownFileType = text.json; path = player.json; sourceTree = "<group>"; };
		B491DC652790250000DAAC35 /* product.json */ = {isa = PBXFileReference; fileEncoding = 4; lastKnownFileType = text.json; path = product.json; sourceTree = "<group>"; };
		B491DC6B2790255800DAAC35 /* Info.plist */ = {isa = PBXFileReference; lastKnownFileType = text.plist; path = Info.plist; sourceTree = "<group>"; };
		B498207A286B684A00058344 /* CustomShape.swift */ = {isa = PBXFileReference; lastKnownFileType = sourcecode.swift; path = CustomShape.swift; sourceTree = "<group>"; };
		B4B972702869F4C500223749 /* ProductDetailView.swift */ = {isa = PBXFileReference; lastKnownFileType = sourcecode.swift; path = ProductDetailView.swift; sourceTree = "<group>"; };
		B4B972722869F5F100223749 /* NavigationBarDetailView.swift */ = {isa = PBXFileReference; lastKnownFileType = sourcecode.swift; path = NavigationBarDetailView.swift; sourceTree = "<group>"; };
		B4B972742869F70600223749 /* HederDetailView.swift */ = {isa = PBXFileReference; lastKnownFileType = sourcecode.swift; path = HederDetailView.swift; sourceTree = "<group>"; };
		B4B972762869F7C700223749 /* TopPartDetailView.swift */ = {isa = PBXFileReference; lastKnownFileType = sourcecode.swift; path = TopPartDetailView.swift; sourceTree = "<group>"; };
		B4E5D49927968987008A6BCB /* PlayerModel.swift */ = {isa = PBXFileReference; lastKnownFileType = sourcecode.swift; path = PlayerModel.swift; sourceTree = "<group>"; };
		B4E5D49B279689D8008A6BCB /* CodableBundleExtension.swift */ = {isa = PBXFileReference; lastKnownFileType = sourcecode.swift; path = CodableBundleExtension.swift; sourceTree = "<group>"; };
		B4E5D49D27968BDA008A6BCB /* FeaturedItemView.swift */ = {isa = PBXFileReference; lastKnownFileType = sourcecode.swift; path = FeaturedItemView.swift; sourceTree = "<group>"; };
		B4E5D49F27968CC2008A6BCB /* FeaturedTabView.swift */ = {isa = PBXFileReference; lastKnownFileType = sourcecode.swift; path = FeaturedTabView.swift; sourceTree = "<group>"; };
		B4E5D4A12796973B008A6BCB /* CategoryModel.swift */ = {isa = PBXFileReference; lastKnownFileType = sourcecode.swift; path = CategoryModel.swift; sourceTree = "<group>"; };
		B4E5D4A32796984A008A6BCB /* CategoryItemView.swift */ = {isa = PBXFileReference; lastKnownFileType = sourcecode.swift; path = CategoryItemView.swift; sourceTree = "<group>"; };
		B4E5D4A52796992E008A6BCB /* CategoryGridView.swift */ = {isa = PBXFileReference; lastKnownFileType = sourcecode.swift; path = CategoryGridView.swift; sourceTree = "<group>"; };
/* End PBXFileReference section */

/* Begin PBXFrameworksBuildPhase section */
		B491DC4E2790240E00DAAC35 /* Frameworks */ = {
			isa = PBXFrameworksBuildPhase;
			buildActionMask = 2147483647;
			files = (
			);
			runOnlyForDeploymentPostprocessing = 0;
		};
/* End PBXFrameworksBuildPhase section */

/* Begin PBXGroup section */
		B411457527928A280067537C /* App */ = {
			isa = PBXGroup;
			children = (
				B491DC542790240E00DAAC35 /* TouchdownApp.swift */,
				B491DC562790240E00DAAC35 /* ContentView.swift */,
				B4B972702869F4C500223749 /* ProductDetailView.swift */,
			);
			path = App;
			sourceTree = "<group>";
		};
		B411457627928BDD0067537C /* View */ = {
			isa = PBXGroup;
			children = (
				B411457827928BEA0067537C /* Dertail */,
				B411457727928BE40067537C /* Home */,
			);
			path = View;
			sourceTree = "<group>";
		};
		B411457727928BE40067537C /* Home */ = {
			isa = PBXGroup;
			children = (
				B411457E27928DE60067537C /* FooterView.swift */,
				B41145802792915D0067537C /* NavigationBarView.swift */,
				B4114582279293460067537C /* LogoView.swift */,
				B4E5D49D27968BDA008A6BCB /* FeaturedItemView.swift */,
				B4E5D49F27968CC2008A6BCB /* FeaturedTabView.swift */,
				B4E5D4A32796984A008A6BCB /* CategoryItemView.swift */,
				B4E5D4A52796992E008A6BCB /* CategoryGridView.swift */,
				B45537192796A0DD00A178E1 /* SectionView.swift */,
				B4896DC82864D70300326289 /* TitleView.swift */,
				B4896DCC2864D79500326289 /* ProductItemView.swift */,
				B46459F728679835007E4D92 /* BrandItemView.swift */,
				B46459F9286799BC007E4D92 /* BrandGridView.swift */,
			);
			path = Home;
			sourceTree = "<group>";
		};
		B411457827928BEA0067537C /* Dertail */ = {
			isa = PBXGroup;
			children = (
				B4B972722869F5F100223749 /* NavigationBarDetailView.swift */,
				B4B972742869F70600223749 /* HederDetailView.swift */,
				B4B972762869F7C700223749 /* TopPartDetailView.swift */,
				B4050FC3286C996300EA8B7C /* RatingsSizesDetailView.swift */,
				B4050FC5286C9C9400EA8B7C /* QuantityFavouriteDetailView.swift */,
				B4050FC7286C9EE900EA8B7C /* AddToCartDetailView.swift */,
			);
			path = Dertail;
			sourceTree = "<group>";
		};
		B411457927928BF60067537C /* Model */ = {
			isa = PBXGroup;
			children = (
				B4E5D49927968987008A6BCB /* PlayerModel.swift */,
				B4E5D4A12796973B008A6BCB /* CategoryModel.swift */,
				B4896DCA2864D76A00326289 /* ProductModel.swift */,
				B46459F5286797BC007E4D92 /* BrandModel.swift */,
			);
			path = Model;
			sourceTree = "<group>";
		};
		B411457A27928BFC0067537C /* Extension */ = {
			isa = PBXGroup;
			children = (
				B4E5D49B279689D8008A6BCB /* CodableBundleExtension.swift */,
			);
			path = Extension;
			sourceTree = "<group>";
		};
		B411457B27928C070067537C /* Utility */ = {
			isa = PBXGroup;
			children = (
				B411457C27928C7D0067537C /* Constant.swift */,
				B498207A286B684A00058344 /* CustomShape.swift */,
				B45F0482286E014D00958AB8 /* Shop.swift */,
			);
			path = Utility;
			sourceTree = "<group>";
		};
		B491DC482790240E00DAAC35 = {
			isa = PBXGroup;
			children = (
				B491DC532790240E00DAAC35 /* Touchdown */,
				B491DC522790240E00DAAC35 /* Products */,
			);
			sourceTree = "<group>";
		};
		B491DC522790240E00DAAC35 /* Products */ = {
			isa = PBXGroup;
			children = (
				B491DC512790240E00DAAC35 /* Touchdown.app */,
			);
			name = Products;
			sourceTree = "<group>";
		};
		B491DC532790240E00DAAC35 /* Touchdown */ = {
			isa = PBXGroup;
			children = (
				B411457527928A280067537C /* App */,
				B411457627928BDD0067537C /* View */,
				B491DC6A2790250C00DAAC35 /* Data */,
				B411457927928BF60067537C /* Model */,
				B411457A27928BFC0067537C /* Extension */,
				B411457B27928C070067537C /* Utility */,
				B491DC6B2790255800DAAC35 /* Info.plist */,
				B491DC582790240F00DAAC35 /* Assets.xcassets */,
				B491DC5A2790240F00DAAC35 /* Preview Content */,
			);
			path = Touchdown;
			sourceTree = "<group>";
		};
		B491DC5A2790240F00DAAC35 /* Preview Content */ = {
			isa = PBXGroup;
			children = (
				B491DC5B2790240F00DAAC35 /* Preview Assets.xcassets */,
			);
			path = "Preview Content";
			sourceTree = "<group>";
		};
		B491DC6A2790250C00DAAC35 /* Data */ = {
			isa = PBXGroup;
			children = (
				B491DC632790250000DAAC35 /* brand.json */,
				B491DC622790250000DAAC35 /* category.json */,
				B491DC642790250000DAAC35 /* player.json */,
				B491DC652790250000DAAC35 /* product.json */,
			);
			path = Data;
			sourceTree = "<group>";
		};
/* End PBXGroup section */

/* Begin PBXNativeTarget section */
		B491DC502790240E00DAAC35 /* Touchdown */ = {
			isa = PBXNativeTarget;
			buildConfigurationList = B491DC5F2790240F00DAAC35 /* Build configuration list for PBXNativeTarget "Touchdown" */;
			buildPhases = (
				B491DC4D2790240E00DAAC35 /* Sources */,
				B491DC4E2790240E00DAAC35 /* Frameworks */,
				B491DC4F2790240E00DAAC35 /* Resources */,
			);
			buildRules = (
			);
			dependencies = (
			);
			name = Touchdown;
			productName = Touchdown;
			productReference = B491DC512790240E00DAAC35 /* Touchdown.app */;
			productType = "com.apple.product-type.application";
		};
/* End PBXNativeTarget section */

/* Begin PBXProject section */
		B491DC492790240E00DAAC35 /* Project object */ = {
			isa = PBXProject;
			attributes = {
				BuildIndependentTargetsInParallel = 1;
				LastSwiftUpdateCheck = 1320;
				LastUpgradeCheck = 1320;
				TargetAttributes = {
					B491DC502790240E00DAAC35 = {
						CreatedOnToolsVersion = 13.2.1;
					};
				};
			};
			buildConfigurationList = B491DC4C2790240E00DAAC35 /* Build configuration list for PBXProject "Touchdown" */;
			compatibilityVersion = "Xcode 13.0";
			developmentRegion = en;
			hasScannedForEncodings = 0;
			knownRegions = (
				en,
				Base,
			);
			mainGroup = B491DC482790240E00DAAC35;
			productRefGroup = B491DC522790240E00DAAC35 /* Products */;
			projectDirPath = "";
			projectRoot = "";
			targets = (
				B491DC502790240E00DAAC35 /* Touchdown */,
			);
		};
/* End PBXProject section */

/* Begin PBXResourcesBuildPhase section */
		B491DC4F2790240E00DAAC35 /* Resources */ = {
			isa = PBXResourcesBuildPhase;
			buildActionMask = 2147483647;
			files = (
				B491DC682790250000DAAC35 /* player.json in Resources */,
				B491DC662790250000DAAC35 /* category.json in Resources */,
				B491DC672790250000DAAC35 /* brand.json in Resources */,
				B491DC5C2790240F00DAAC35 /* Preview Assets.xcassets in Resources */,
				B491DC592790240F00DAAC35 /* Assets.xcassets in Resources */,
				B491DC692790250000DAAC35 /* product.json in Resources */,
			);
			runOnlyForDeploymentPostprocessing = 0;
		};
/* End PBXResourcesBuildPhase section */

/* Begin PBXSourcesBuildPhase section */
		B491DC4D2790240E00DAAC35 /* Sources */ = {
			isa = PBXSourcesBuildPhase;
			buildActionMask = 2147483647;
			files = (
				B4E5D49C279689D8008A6BCB /* CodableBundleExtension.swift in Sources */,
				B491DC572790240E00DAAC35 /* ContentView.swift in Sources */,
				B4B972772869F7C700223749 /* TopPartDetailView.swift in Sources */,
				B4114583279293460067537C /* LogoView.swift in Sources */,
				B411457F27928DE60067537C /* FooterView.swift in Sources */,
				B4E5D49E27968BDA008A6BCB /* FeaturedItemView.swift in Sources */,
				B4896DCD2864D79500326289 /* ProductItemView.swift in Sources */,
				B46459FA286799BC007E4D92 /* BrandGridView.swift in Sources */,
				B4050FC8286C9EE900EA8B7C /* AddToCartDetailView.swift in Sources */,
				B491DC552790240E00DAAC35 /* TouchdownApp.swift in Sources */,
				B4050FC4286C996300EA8B7C /* RatingsSizesDetailView.swift in Sources */,
				B4B972712869F4C500223749 /* ProductDetailView.swift in Sources */,
				B4B972732869F5F100223749 /* NavigationBarDetailView.swift in Sources */,
				B411457D27928C7D0067537C /* Constant.swift in Sources */,
				B4E5D4A62796992E008A6BCB /* CategoryGridView.swift in Sources */,
				B4E5D4A22796973B008A6BCB /* CategoryModel.swift in Sources */,
				B41145812792915D0067537C /* NavigationBarView.swift in Sources */,
				B455371A2796A0DD00A178E1 /* SectionView.swift in Sources */,
				B4B972752869F70600223749 /* HederDetailView.swift in Sources */,
				B46459F828679835007E4D92 /* BrandItemView.swift in Sources */,
				B4E5D4A42796984A008A6BCB /* CategoryItemView.swift in Sources */,
				B4E5D4A027968CC2008A6BCB /* FeaturedTabView.swift in Sources */,
				B498207B286B684A00058344 /* CustomShape.swift in Sources */,
				B4E5D49A27968987008A6BCB /* PlayerModel.swift in Sources */,
				B45F0483286E014D00958AB8 /* Shop.swift in Sources */,
				B46459F6286797BC007E4D92 /* BrandModel.swift in Sources */,
				B4896DC92864D70300326289 /* TitleView.swift in Sources */,
				B4050FC6286C9C9400EA8B7C /* QuantityFavouriteDetailView.swift in Sources */,
				B4896DCB2864D76A00326289 /* ProductModel.swift in Sources */,
			);
			runOnlyForDeploymentPostprocessing = 0;
		};
/* End PBXSourcesBuildPhase section */

/* Begin XCBuildConfiguration section */
		B491DC5D2790240F00DAAC35 /* Debug */ = {
			isa = XCBuildConfiguration;
			buildSettings = {
				ALWAYS_SEARCH_USER_PATHS = NO;
				CLANG_ANALYZER_NONNULL = YES;
				CLANG_ANALYZER_NUMBER_OBJECT_CONVERSION = YES_AGGRESSIVE;
				CLANG_CXX_LANGUAGE_STANDARD = "gnu++17";
				CLANG_CXX_LIBRARY = "libc++";
				CLANG_ENABLE_MODULES = YES;
				CLANG_ENABLE_OBJC_ARC = YES;
				CLANG_ENABLE_OBJC_WEAK = YES;
				CLANG_WARN_BLOCK_CAPTURE_AUTORELEASING = YES;
				CLANG_WARN_BOOL_CONVERSION = YES;
				CLANG_WARN_COMMA = YES;
				CLANG_WARN_CONSTANT_CONVERSION = YES;
				CLANG_WARN_DEPRECATED_OBJC_IMPLEMENTATIONS = YES;
				CLANG_WARN_DIRECT_OBJC_ISA_USAGE = YES_ERROR;
				CLANG_WARN_DOCUMENTATION_COMMENTS = YES;
				CLANG_WARN_EMPTY_BODY = YES;
				CLANG_WARN_ENUM_CONVERSION = YES;
				CLANG_WARN_INFINITE_RECURSION = YES;
				CLANG_WARN_INT_CONVERSION = YES;
				CLANG_WARN_NON_LITERAL_NULL_CONVERSION = YES;
				CLANG_WARN_OBJC_IMPLICIT_RETAIN_SELF = YES;
				CLANG_WARN_OBJC_LITERAL_CONVERSION = YES;
				CLANG_WARN_OBJC_ROOT_CLASS = YES_ERROR;
				CLANG_WARN_QUOTED_INCLUDE_IN_FRAMEWORK_HEADER = YES;
				CLANG_WARN_RANGE_LOOP_ANALYSIS = YES;
				CLANG_WARN_STRICT_PROTOTYPES = YES;
				CLANG_WARN_SUSPICIOUS_MOVE = YES;
				CLANG_WARN_UNGUARDED_AVAILABILITY = YES_AGGRESSIVE;
				CLANG_WARN_UNREACHABLE_CODE = YES;
				CLANG_WARN__DUPLICATE_METHOD_MATCH = YES;
				COPY_PHASE_STRIP = NO;
				DEBUG_INFORMATION_FORMAT = dwarf;
				ENABLE_STRICT_OBJC_MSGSEND = YES;
				ENABLE_TESTABILITY = YES;
				GCC_C_LANGUAGE_STANDARD = gnu11;
				GCC_DYNAMIC_NO_PIC = NO;
				GCC_NO_COMMON_BLOCKS = YES;
				GCC_OPTIMIZATION_LEVEL = 0;
				GCC_PREPROCESSOR_DEFINITIONS = (
					"DEBUG=1",
					"$(inherited)",
				);
				GCC_WARN_64_TO_32_BIT_CONVERSION = YES;
				GCC_WARN_ABOUT_RETURN_TYPE = YES_ERROR;
				GCC_WARN_UNDECLARED_SELECTOR = YES;
				GCC_WARN_UNINITIALIZED_AUTOS = YES_AGGRESSIVE;
				GCC_WARN_UNUSED_FUNCTION = YES;
				GCC_WARN_UNUSED_VARIABLE = YES;
				IPHONEOS_DEPLOYMENT_TARGET = 15.2;
				MTL_ENABLE_DEBUG_INFO = INCLUDE_SOURCE;
				MTL_FAST_MATH = YES;
				ONLY_ACTIVE_ARCH = YES;
				SDKROOT = iphoneos;
				SWIFT_ACTIVE_COMPILATION_CONDITIONS = DEBUG;
				SWIFT_OPTIMIZATION_LEVEL = "-Onone";
			};
			name = Debug;
		};
		B491DC5E2790240F00DAAC35 /* Release */ = {
			isa = XCBuildConfiguration;
			buildSettings = {
				ALWAYS_SEARCH_USER_PATHS = NO;
				CLANG_ANALYZER_NONNULL = YES;
				CLANG_ANALYZER_NUMBER_OBJECT_CONVERSION = YES_AGGRESSIVE;
				CLANG_CXX_LANGUAGE_STANDARD = "gnu++17";
				CLANG_CXX_LIBRARY = "libc++";
				CLANG_ENABLE_MODULES = YES;
				CLANG_ENABLE_OBJC_ARC = YES;
				CLANG_ENABLE_OBJC_WEAK = YES;
				CLANG_WARN_BLOCK_CAPTURE_AUTORELEASING = YES;
				CLANG_WARN_BOOL_CONVERSION = YES;
				CLANG_WARN_COMMA = YES;
				CLANG_WARN_CONSTANT_CONVERSION = YES;
				CLANG_WARN_DEPRECATED_OBJC_IMPLEMENTATIONS = YES;
				CLANG_WARN_DIRECT_OBJC_ISA_USAGE = YES_ERROR;
				CLANG_WARN_DOCUMENTATION_COMMENTS = YES;
				CLANG_WARN_EMPTY_BODY = YES;
				CLANG_WARN_ENUM_CONVERSION = YES;
				CLANG_WARN_INFINITE_RECURSION = YES;
				CLANG_WARN_INT_CONVERSION = YES;
				CLANG_WARN_NON_LITERAL_NULL_CONVERSION = YES;
				CLANG_WARN_OBJC_IMPLICIT_RETAIN_SELF = YES;
				CLANG_WARN_OBJC_LITERAL_CONVERSION = YES;
				CLANG_WARN_OBJC_ROOT_CLASS = YES_ERROR;
				CLANG_WARN_QUOTED_INCLUDE_IN_FRAMEWORK_HEADER = YES;
				CLANG_WARN_RANGE_LOOP_ANALYSIS = YES;
				CLANG_WARN_STRICT_PROTOTYPES = YES;
				CLANG_WARN_SUSPICIOUS_MOVE = YES;
				CLANG_WARN_UNGUARDED_AVAILABILITY = YES_AGGRESSIVE;
				CLANG_WARN_UNREACHABLE_CODE = YES;
				CLANG_WARN__DUPLICATE_METHOD_MATCH = YES;
				COPY_PHASE_STRIP = NO;
				DEBUG_INFORMATION_FORMAT = "dwarf-with-dsym";
				ENABLE_NS_ASSERTIONS = NO;
				ENABLE_STRICT_OBJC_MSGSEND = YES;
				GCC_C_LANGUAGE_STANDARD = gnu11;
				GCC_NO_COMMON_BLOCKS = YES;
				GCC_WARN_64_TO_32_BIT_CONVERSION = YES;
				GCC_WARN_ABOUT_RETURN_TYPE = YES_ERROR;
				GCC_WARN_UNDECLARED_SELECTOR = YES;
				GCC_WARN_UNINITIALIZED_AUTOS = YES_AGGRESSIVE;
				GCC_WARN_UNUSED_FUNCTION = YES;
				GCC_WARN_UNUSED_VARIABLE = YES;
				IPHONEOS_DEPLOYMENT_TARGET = 15.2;
				MTL_ENABLE_DEBUG_INFO = NO;
				MTL_FAST_MATH = YES;
				SDKROOT = iphoneos;
				SWIFT_COMPILATION_MODE = wholemodule;
				SWIFT_OPTIMIZATION_LEVEL = "-O";
				VALIDATE_PRODUCT = YES;
			};
			name = Release;
		};
		B491DC602790240F00DAAC35 /* Debug */ = {
			isa = XCBuildConfiguration;
			buildSettings = {
				ASSETCATALOG_COMPILER_APPICON_NAME = AppIcon;
				ASSETCATALOG_COMPILER_GLOBAL_ACCENT_COLOR_NAME = AccentColor;
				CODE_SIGN_STYLE = Automatic;
				CURRENT_PROJECT_VERSION = 1;
				DEVELOPMENT_ASSET_PATHS = "\"Touchdown/Preview Content\"";
				DEVELOPMENT_TEAM = 9URMRRAERW;
				ENABLE_PREVIEWS = YES;
				GENERATE_INFOPLIST_FILE = YES;
				INFOPLIST_FILE = Touchdown/Info.plist;
				INFOPLIST_KEY_UIApplicationSceneManifest_Generation = YES;
				INFOPLIST_KEY_UIApplicationSupportsIndirectInputEvents = YES;
				INFOPLIST_KEY_UISupportedInterfaceOrientations = UIInterfaceOrientationPortrait;
				INFOPLIST_KEY_UISupportedInterfaceOrientations_iPad = "UIInterfaceOrientationPortrait UIInterfaceOrientationPortraitUpsideDown UIInterfaceOrientationLandscapeLeft UIInterfaceOrientationLandscapeRight";
				INFOPLIST_KEY_UISupportedInterfaceOrientations_iPhone = "UIInterfaceOrientationPortrait UIInterfaceOrientationLandscapeLeft UIInterfaceOrientationLandscapeRight";
				INFOPLIST_KEY_UIUserInterfaceStyle = Light;
				LD_RUNPATH_SEARCH_PATHS = (
					"$(inherited)",
					"@executable_path/Frameworks",
				);
				MARKETING_VERSION = 1.0;
				PRODUCT_BUNDLE_IDENTIFIER = ml.mixko.Touchdown;
				PRODUCT_NAME = "$(TARGET_NAME)";
				SWIFT_EMIT_LOC_STRINGS = YES;
				SWIFT_VERSION = 5.0;
				TARGETED_DEVICE_FAMILY = "1,2";
			};
			name = Debug;
		};
		B491DC612790240F00DAAC35 /* Release */ = {
			isa = XCBuildConfiguration;
			buildSettings = {
				ASSETCATALOG_COMPILER_APPICON_NAME = AppIcon;
				ASSETCATALOG_COMPILER_GLOBAL_ACCENT_COLOR_NAME = AccentColor;
				CODE_SIGN_STYLE = Automatic;
				CURRENT_PROJECT_VERSION = 1;
				DEVELOPMENT_ASSET_PATHS = "\"Touchdown/Preview Content\"";
				DEVELOPMENT_TEAM = 9URMRRAERW;
				ENABLE_PREVIEWS = YES;
				GENERATE_INFOPLIST_FILE = YES;
				INFOPLIST_FILE = Touchdown/Info.plist;
				INFOPLIST_KEY_UIApplicationSceneManifest_Generation = YES;
				INFOPLIST_KEY_UIApplicationSupportsIndirectInputEvents = YES;
				INFOPLIST_KEY_UISupportedInterfaceOrientations = UIInterfaceOrientationPortrait;
				INFOPLIST_KEY_UISupportedInterfaceOrientations_iPad = "UIInterfaceOrientationPortrait UIInterfaceOrientationPortraitUpsideDown UIInterfaceOrientationLandscapeLeft UIInterfaceOrientationLandscapeRight";
				INFOPLIST_KEY_UISupportedInterfaceOrientations_iPhone = "UIInterfaceOrientationPortrait UIInterfaceOrientationLandscapeLeft UIInterfaceOrientationLandscapeRight";
				INFOPLIST_KEY_UIUserInterfaceStyle = Light;
				LD_RUNPATH_SEARCH_PATHS = (
					"$(inherited)",
					"@executable_path/Frameworks",
				);
				MARKETING_VERSION = 1.0;
				PRODUCT_BUNDLE_IDENTIFIER = ml.mixko.Touchdown;
				PRODUCT_NAME = "$(TARGET_NAME)";
				SWIFT_EMIT_LOC_STRINGS = YES;
				SWIFT_VERSION = 5.0;
				TARGETED_DEVICE_FAMILY = "1,2";
			};
			name = Release;
		};
/* End XCBuildConfiguration section */

/* Begin XCConfigurationList section */
		B491DC4C2790240E00DAAC35 /* Build configuration list for PBXProject "Touchdown" */ = {
			isa = XCConfigurationList;
			buildConfigurations = (
				B491DC5D2790240F00DAAC35 /* Debug */,
				B491DC5E2790240F00DAAC35 /* Release */,
			);
			defaultConfigurationIsVisible = 0;
			defaultConfigurationName = Release;
		};
		B491DC5F2790240F00DAAC35 /* Build configuration list for PBXNativeTarget "Touchdown" */ = {
			isa = XCConfigurationList;
			buildConfigurations = (
				B491DC602790240F00DAAC35 /* Debug */,
				B491DC612790240F00DAAC35 /* Release */,
			);
			defaultConfigurationIsVisible = 0;
			defaultConfigurationName = Release;
		};
/* End XCConfigurationList section */
	};
	rootObject = B491DC492790240E00DAAC35 /* Project object */;
}
